
Microsoft Visual Studio Solution File, Format Version 12.00
# Visual Studio Version 17
VisualStudioVersion = 17.14.37111.16
MinimumVisualStudioVersion = 10.0.40219.1
Project("{FAE04EC0-301F-11D3-BF4B-00C04F79EFBC}") = "SmartBudget.Server", "SmartBudget.API\SmartBudget.Server.csproj", "{C550BCD8-6869-43ED-B4AA-9C0DAEA06BE9}"
EndProject
Project("{FAE04EC0-301F-11D3-BF4B-00C04F79EFBC}") = "SmartBudget.Client", "SmartBudget.Client\SmartBudget.Client.csproj", "{55EB18B7-07A0-423E-B029-612A69C20820}"
EndProject
Project("{FAE04EC0-301F-11D3-BF4B-00C04F79EFBC}") = "SmartBudget.Tests", "SmartBudget.Tests\SmartBudget.Tests.csproj", "{70C33682-E38D-4665-A5F1-0F38A8ED4557}"
EndProject
Global
	GlobalSection(SolutionConfigurationPlatforms) = preSolution
		Debug|Any CPU = Debug|Any CPU
		Release|Any CPU = Release|Any CPU
	EndGlobalSection
	GlobalSection(ProjectConfigurationPlatforms) = postSolution
		{C550BCD8-6869-43ED-B4AA-9C0DAEA06BE9}.Debug|Any CPU.ActiveCfg = Debug|Any CPU
		{C550BCD8-6869-43ED-B4AA-9C0DAEA06BE9}.Debug|Any CPU.Build.0 = Debug|Any CPU
		{C550BCD8-6869-43ED-B4AA-9C0DAEA06BE9}.Release|Any CPU.ActiveCfg = Release|Any CPU
		{C550BCD8-6869-43ED-B4AA-9C0DAEA06BE9}.Release|Any CPU.Build.0 = Release|Any CPU
		{55EB18B7-07A0-423E-B029-612A69C20820}.Debug|Any CPU.ActiveCfg = Debug|Any CPU
		{55EB18B7-07A0-423E-B029-612A69C20820}.Debug|Any CPU.Build.0 = Debug|Any CPU
		{55EB18B7-07A0-423E-B029-612A69C20820}.Release|Any CPU.ActiveCfg = Release|Any CPU
		{55EB18B7-07A0-423E-B029-612A69C20820}.Release|Any CPU.Build.0 = Release|Any CPU
		{70C33682-E38D-4665-A5F1-0F38A8ED4557}.Debug|Any CPU.ActiveCfg = Debug|Any CPU
		{70C33682-E38D-4665-A5F1-0F38A8ED4557}.Debug|Any CPU.Build.0 = Debug|Any CPU
		{70C33682-E38D-4665-A5F1-0F38A8ED4557}.Release|Any CPU.ActiveCfg = Release|Any CPU
		{70C33682-E38D-4665-A5F1-0F38A8ED4557}.Release|Any CPU.Build.0 = Release|Any CPU
	EndGlobalSection
	GlobalSection(SolutionProperties) = preSolution
		HideSolutionNode = FALSE
	EndGlobalSection
	GlobalSection(ExtensibilityGlobals) = postSolution
		SolutionGuid = {94BDF03E-63F1-4A40-BF60-6F8C3ADEBEF0}
	EndGlobalSection
EndGlobal
